// !$*UTF8*$!
{
	archiveVersion = 1;
	classes = {
	};
	objectVersion = 56;
	objects = {

/* Begin PBXBuildFile section */
		667B7F702BB09E0300811AFB /* InventoryItemDetail.swift in Sources */ = {isa = PBXBuildFile; fileRef = 667B7F6F2BB09E0300811AFB /* InventoryItemDetail.swift */; };
		66B076D42BB0931300B7EDEE /* InventoryManagerApp.swift in Sources */ = {isa = PBXBuildFile; fileRef = 66B076D32BB0931300B7EDEE /* InventoryManagerApp.swift */; };
		66B076D62BB0931300B7EDEE /* InventoryList.swift in Sources */ = {isa = PBXBuildFile; fileRef = 66B076D52BB0931300B7EDEE /* InventoryList.swift */; };
		66B076D82BB0931400B7EDEE /* Assets.xcassets in Resources */ = {isa = PBXBuildFile; fileRef = 66B076D72BB0931400B7EDEE /* Assets.xcassets */; };
		66B076DC2BB0931400B7EDEE /* Preview Assets.xcassets in Resources */ = {isa = PBXBuildFile; fileRef = 66B076DB2BB0931400B7EDEE /* Preview Assets.xcassets */; };
		66B076E52BB093DE00B7EDEE /* ModelData.swift in Sources */ = {isa = PBXBuildFile; fileRef = 66B076E42BB093DE00B7EDEE /* ModelData.swift */; };
		66B076E82BB0951100B7EDEE /* InventoryItem.swift in Sources */ = {isa = PBXBuildFile; fileRef = 66B076E72BB0951100B7EDEE /* InventoryItem.swift */; };
		66B076EC2BB095E300B7EDEE /* inventoryData.json in Resources */ = {isa = PBXBuildFile; fileRef = 66B076EB2BB095E300B7EDEE /* inventoryData.json */; };
		66B076EE2BB0975700B7EDEE /* InventoryItemRow.swift in Sources */ = {isa = PBXBuildFile; fileRef = 66B076ED2BB0975700B7EDEE /* InventoryItemRow.swift */; };
/* End PBXBuildFile section */

/* Begin PBXFileReference section */
		667B7F6F2BB09E0300811AFB /* InventoryItemDetail.swift */ = {isa = PBXFileReference; lastKnownFileType = sourcecode.swift; path = InventoryItemDetail.swift; sourceTree = "<group>"; };
		66B076D02BB0931300B7EDEE /* InventoryManager.app */ = {isa = PBXFileReference; explicitFileType = wrapper.application; includeInIndex = 0; path = InventoryManager.app; sourceTree = BUILT_PRODUCTS_DIR; };
		66B076D32BB0931300B7EDEE /* InventoryManagerApp.swift */ = {isa = PBXFileReference; lastKnownFileType = sourcecode.swift; path = InventoryManagerApp.swift; sourceTree = "<group>"; };
		66B076D52BB0931300B7EDEE /* InventoryList.swift */ = {isa = PBXFileReference; lastKnownFileType = sourcecode.swift; path = InventoryList.swift; sourceTree = "<group>"; };
		66B076D72BB0931400B7EDEE /* Assets.xcassets */ = {isa = PBXFileReference; lastKnownFileType = folder.assetcatalog; path = Assets.xcassets; sourceTree = "<group>"; };
		66B076D92BB0931400B7EDEE /* InventoryManager.entitlements */ = {isa = PBXFileReference; lastKnownFileType = text.plist.entitlements; path = InventoryManager.entitlements; sourceTree = "<group>"; };
		66B076DB2BB0931400B7EDEE /* Preview Assets.xcassets */ = {isa = PBXFileReference; lastKnownFileType = folder.assetcatalog; path = "Preview Assets.xcassets"; sourceTree = "<group>"; };
		66B076E42BB093DE00B7EDEE /* ModelData.swift */ = {isa = PBXFileReference; lastKnownFileType = sourcecode.swift; path = ModelData.swift; sourceTree = "<group>"; };
		66B076E72BB0951100B7EDEE /* InventoryItem.swift */ = {isa = PBXFileReference; lastKnownFileType = sourcecode.swift; path = InventoryItem.swift; sourceTree = "<group>"; };
		66B076EB2BB095E300B7EDEE /* inventoryData.json */ = {isa = PBXFileReference; fileEncoding = 4; lastKnownFileType = text.json; path = inventoryData.json; sourceTree = "<group>"; };
		66B076ED2BB0975700B7EDEE /* InventoryItemRow.swift */ = {isa = PBXFileReference; lastKnownFileType = sourcecode.swift; path = InventoryItemRow.swift; sourceTree = "<group>"; };
/* End PBXFileReference section */

/* Begin PBXFrameworksBuildPhase section */
		66B076CD2BB0931300B7EDEE /* Frameworks */ = {
			isa = PBXFrameworksBuildPhase;
			buildActionMask = 2147483647;
			files = (
			);
			runOnlyForDeploymentPostprocessing = 0;
		};
/* End PBXFrameworksBuildPhase section */

/* Begin PBXGroup section */
		66B076C72BB0931300B7EDEE = {
			isa = PBXGroup;
			children = (
				66B076D22BB0931300B7EDEE /* InventoryManager */,
				66B076D12BB0931300B7EDEE /* Products */,
			);
			sourceTree = "<group>";
		};
		66B076D12BB0931300B7EDEE /* Products */ = {
			isa = PBXGroup;
			children = (
				66B076D02BB0931300B7EDEE /* InventoryManager.app */,
			);
			name = Products;
			sourceTree = "<group>";
		};
		66B076D22BB0931300B7EDEE /* InventoryManager */ = {
			isa = PBXGroup;
			children = (
				66B076D32BB0931300B7EDEE /* InventoryManagerApp.swift */,
				66B076E22BB093A700B7EDEE /* Views */,
				66B076E32BB093B200B7EDEE /* Model */,
				66B076E62BB094B000B7EDEE /* Resources */,
				66B076D72BB0931400B7EDEE /* Assets.xcassets */,
				66B076D92BB0931400B7EDEE /* InventoryManager.entitlements */,
				66B076DA2BB0931400B7EDEE /* Preview Content */,
			);
			path = InventoryManager;
			sourceTree = "<group>";
		};
		66B076DA2BB0931400B7EDEE /* Preview Content */ = {
			isa = PBXGroup;
			children = (
				66B076DB2BB0931400B7EDEE /* Preview Assets.xcassets */,
			);
			path = "Preview Content";
			sourceTree = "<group>";
		};
		66B076E22BB093A700B7EDEE /* Views */ = {
			isa = PBXGroup;
			children = (
				66B076D52BB0931300B7EDEE /* InventoryList.swift */,
				66B076ED2BB0975700B7EDEE /* InventoryItemRow.swift */,
				667B7F6F2BB09E0300811AFB /* InventoryItemDetail.swift */,
			);
			path = Views;
			sourceTree = "<group>";
		};
		66B076E32BB093B200B7EDEE /* Model */ = {
			isa = PBXGroup;
			children = (
				66B076E42BB093DE00B7EDEE /* ModelData.swift */,
				66B076E72BB0951100B7EDEE /* InventoryItem.swift */,
			);
			path = Model;
			sourceTree = "<group>";
		};
		66B076E62BB094B000B7EDEE /* Resources */ = {
			isa = PBXGroup;
			children = (
				66B076EB2BB095E300B7EDEE /* inventoryData.json */,
			);
			path = Resources;
			sourceTree = "<group>";
		};
/* End PBXGroup section */

/* Begin PBXNativeTarget section */
		66B076CF2BB0931300B7EDEE /* InventoryManager */ = {
			isa = PBXNativeTarget;
			buildConfigurationList = 66B076DF2BB0931400B7EDEE /* Build configuration list for PBXNativeTarget "InventoryManager" */;
			buildPhases = (
				66B076CC2BB0931300B7EDEE /* Sources */,
				66B076CD2BB0931300B7EDEE /* Frameworks */,
				66B076CE2BB0931300B7EDEE /* Resources */,
			);
			buildRules = (
			);
			dependencies = (
			);
			name = InventoryManager;
			productName = InventoryManager;
			productReference = 66B076D02BB0931300B7EDEE /* InventoryManager.app */;
			productType = "com.apple.product-type.application";
		};
/* End PBXNativeTarget section */

/* Begin PBXProject section */
		66B076C82BB0931300B7EDEE /* Project object */ = {
			isa = PBXProject;
			attributes = {
				BuildIndependentTargetsInParallel = 1;
				LastSwiftUpdateCheck = 1530;
				LastUpgradeCheck = 1530;
				TargetAttributes = {
					66B076CF2BB0931300B7EDEE = {
						CreatedOnToolsVersion = 15.3;
					};
				};
			};
			buildConfigurationList = 66B076CB2BB0931300B7EDEE /* Build configuration list for PBXProject "InventoryManager" */;
			compatibilityVersion = "Xcode 14.0";
			developmentRegion = en;
			hasScannedForEncodings = 0;
			knownRegions = (
				en,
				Base,
			);
			mainGroup = 66B076C72BB0931300B7EDEE;
			productRefGroup = 66B076D12BB0931300B7EDEE /* Products */;
			projectDirPath = "";
			projectRoot = "";
			targets = (
				66B076CF2BB0931300B7EDEE /* InventoryManager */,
			);
		};
/* End PBXProject section */

/* Begin PBXResourcesBuildPhase section */
		66B076CE2BB0931300B7EDEE /* Resources */ = {
			isa = PBXResourcesBuildPhase;
			buildActionMask = 2147483647;
			files = (
				66B076DC2BB0931400B7EDEE /* Preview Assets.xcassets in Resources */,
				66B076D82BB0931400B7EDEE /* Assets.xcassets in Resources */,
				66B076EC2BB095E300B7EDEE /* inventoryData.json in Resources */,
			);
			runOnlyForDeploymentPostprocessing = 0;
		};
/* End PBXResourcesBuildPhase section */

/* Begin PBXSourcesBuildPhase section */
		66B076CC2BB0931300B7EDEE /* Sources */ = {
			isa = PBXSourcesBuildPhase;
			buildActionMask = 2147483647;
			files = (
				667B7F702BB09E0300811AFB /* InventoryItemDetail.swift in Sources */,
				66B076D62BB0931300B7EDEE /* InventoryList.swift in Sources */,
				66B076EE2BB0975700B7EDEE /* InventoryItemRow.swift in Sources */,
				66B076D42BB0931300B7EDEE /* InventoryManagerApp.swift in Sources */,
				66B076E52BB093DE00B7EDEE /* ModelData.swift in Sources */,
				66B076E82BB0951100B7EDEE /* InventoryItem.swift in Sources */,
			);
			runOnlyForDeploymentPostprocessing = 0;
		};
/* End PBXSourcesBuildPhase section */

/* Begin XCBuildConfiguration section */
		66B076DD2BB0931400B7EDEE /* Debug */ = {
			isa = XCBuildConfiguration;
			buildSettings = {
				ALWAYS_SEARCH_USER_PATHS = NO;
				ASSETCATALOG_COMPILER_GENERATE_SWIFT_ASSET_SYMBOL_EXTENSIONS = YES;
				CLANG_ANALYZER_NONNULL = YES;
				CLANG_ANALYZER_NUMBER_OBJECT_CONVERSION = YES_AGGRESSIVE;
				CLANG_CXX_LANGUAGE_STANDARD = "gnu++20";
				CLANG_ENABLE_MODULES = YES;
				CLANG_ENABLE_OBJC_ARC = YES;
				CLANG_ENABLE_OBJC_WEAK = YES;
				CLANG_WARN_BLOCK_CAPTURE_AUTORELEASING = YES;
				CLANG_WARN_BOOL_CONVERSION = YES;
				CLANG_WARN_COMMA = YES;
				CLANG_WARN_CONSTANT_CONVERSION = YES;
				CLANG_WARN_DEPRECATED_OBJC_IMPLEMENTATIONS = YES;
				CLANG_WARN_DIRECT_OBJC_ISA_USAGE = YES_ERROR;
				CLANG_WARN_DOCUMENTATION_COMMENTS = YES;
				CLANG_WARN_EMPTY_BODY = YES;
				CLANG_WARN_ENUM_CONVERSION = YES;
				CLANG_WARN_INFINITE_RECURSION = YES;
				CLANG_WARN_INT_CONVERSION = YES;
				CLANG_WARN_NON_LITERAL_NULL_CONVERSION = YES;
				CLANG_WARN_OBJC_IMPLICIT_RETAIN_SELF = YES;
				CLANG_WARN_OBJC_LITERAL_CONVERSION = YES;
				CLANG_WARN_OBJC_ROOT_CLASS = YES_ERROR;
				CLANG_WARN_QUOTED_INCLUDE_IN_FRAMEWORK_HEADER = YES;
				CLANG_WARN_RANGE_LOOP_ANALYSIS = YES;
				CLANG_WARN_STRICT_PROTOTYPES = YES;
				CLANG_WARN_SUSPICIOUS_MOVE = YES;
				CLANG_WARN_UNGUARDED_AVAILABILITY = YES_AGGRESSIVE;
				CLANG_WARN_UNREACHABLE_CODE = YES;
				CLANG_WARN__DUPLICATE_METHOD_MATCH = YES;
				COPY_PHASE_STRIP = NO;
				DEBUG_INFORMATION_FORMAT = dwarf;
				ENABLE_STRICT_OBJC_MSGSEND = YES;
				ENABLE_TESTABILITY = YES;
				ENABLE_USER_SCRIPT_SANDBOXING = YES;
				GCC_C_LANGUAGE_STANDARD = gnu17;
				GCC_DYNAMIC_NO_PIC = NO;
				GCC_NO_COMMON_BLOCKS = YES;
				GCC_OPTIMIZATION_LEVEL = 0;
				GCC_PREPROCESSOR_DEFINITIONS = (
					"DEBUG=1",
					"$(inherited)",
				);
				GCC_WARN_64_TO_32_BIT_CONVERSION = YES;
				GCC_WARN_ABOUT_RETURN_TYPE = YES_ERROR;
				GCC_WARN_UNDECLARED_SELECTOR = YES;
				GCC_WARN_UNINITIALIZED_AUTOS = YES_AGGRESSIVE;
				GCC_WARN_UNUSED_FUNCTION = YES;
				GCC_WARN_UNUSED_VARIABLE = YES;
				LOCALIZATION_PREFERS_STRING_CATALOGS = YES;
				MTL_ENABLE_DEBUG_INFO = INCLUDE_SOURCE;
				MTL_FAST_MATH = YES;
				ONLY_ACTIVE_ARCH = YES;
				SWIFT_ACTIVE_COMPILATION_CONDITIONS = "DEBUG $(inherited)";
				SWIFT_OPTIMIZATION_LEVEL = "-Onone";
			};
			name = Debug;
		};
		66B076DE2BB0931400B7EDEE /* Release */ = {
			isa = XCBuildConfiguration;
			buildSettings = {
				ALWAYS_SEARCH_USER_PATHS = NO;
				ASSETCATALOG_COMPILER_GENERATE_SWIFT_ASSET_SYMBOL_EXTENSIONS = YES;
				CLANG_ANALYZER_NONNULL = YES;
				CLANG_ANALYZER_NUMBER_OBJECT_CONVERSION = YES_AGGRESSIVE;
				CLANG_CXX_LANGUAGE_STANDARD = "gnu++20";
				CLANG_ENABLE_MODULES = YES;
				CLANG_ENABLE_OBJC_ARC = YES;
				CLANG_ENABLE_OBJC_WEAK = YES;
				CLANG_WARN_BLOCK_CAPTURE_AUTORELEASING = YES;
				CLANG_WARN_BOOL_CONVERSION = YES;
				CLANG_WARN_COMMA = YES;
				CLANG_WARN_CONSTANT_CONVERSION = YES;
				CLANG_WARN_DEPRECATED_OBJC_IMPLEMENTATIONS = YES;
				CLANG_WARN_DIRECT_OBJC_ISA_USAGE = YES_ERROR;
				CLANG_WARN_DOCUMENTATION_COMMENTS = YES;
				CLANG_WARN_EMPTY_BODY = YES;
				CLANG_WARN_ENUM_CONVERSION = YES;
				CLANG_WARN_INFINITE_RECURSION = YES;
				CLANG_WARN_INT_CONVERSION = YES;
				CLANG_WARN_NON_LITERAL_NULL_CONVERSION = YES;
				CLANG_WARN_OBJC_IMPLICIT_RETAIN_SELF = YES;
				CLANG_WARN_OBJC_LITERAL_CONVERSION = YES;
				CLANG_WARN_OBJC_ROOT_CLASS = YES_ERROR;
				CLANG_WARN_QUOTED_INCLUDE_IN_FRAMEWORK_HEADER = YES;
				CLANG_WARN_RANGE_LOOP_ANALYSIS = YES;
				CLANG_WARN_STRICT_PROTOTYPES = YES;
				CLANG_WARN_SUSPICIOUS_MOVE = YES;
				CLANG_WARN_UNGUARDED_AVAILABILITY = YES_AGGRESSIVE;
				CLANG_WARN_UNREACHABLE_CODE = YES;
				CLANG_WARN__DUPLICATE_METHOD_MATCH = YES;
				COPY_PHASE_STRIP = NO;
				DEBUG_INFORMATION_FORMAT = "dwarf-with-dsym";
				ENABLE_NS_ASSERTIONS = NO;
				ENABLE_STRICT_OBJC_MSGSEND = YES;
				ENABLE_USER_SCRIPT_SANDBOXING = YES;
				GCC_C_LANGUAGE_STANDARD = gnu17;
				GCC_NO_COMMON_BLOCKS = YES;
				GCC_WARN_64_TO_32_BIT_CONVERSION = YES;
				GCC_WARN_ABOUT_RETURN_TYPE = YES_ERROR;
				GCC_WARN_UNDECLARED_SELECTOR = YES;
				GCC_WARN_UNINITIALIZED_AUTOS = YES_AGGRESSIVE;
				GCC_WARN_UNUSED_FUNCTION = YES;
				GCC_WARN_UNUSED_VARIABLE = YES;
				LOCALIZATION_PREFERS_STRING_CATALOGS = YES;
				MTL_ENABLE_DEBUG_INFO = NO;
				MTL_FAST_MATH = YES;
				SWIFT_COMPILATION_MODE = wholemodule;
			};
			name = Release;
		};
		66B076E02BB0931400B7EDEE /* Debug */ = {
			isa = XCBuildConfiguration;
			buildSettings = {
				ASSETCATALOG_COMPILER_APPICON_NAME = AppIcon;
				ASSETCATALOG_COMPILER_GLOBAL_ACCENT_COLOR_NAME = AccentColor;
				CODE_SIGN_ENTITLEMENTS = InventoryManager/InventoryManager.entitlements;
				CODE_SIGN_STYLE = Automatic;
				CURRENT_PROJECT_VERSION = 1;
				DEVELOPMENT_ASSET_PATHS = "\"InventoryManager/Preview Content\"";
				DEVELOPMENT_TEAM = 5V6SKWD4WV;
				ENABLE_HARDENED_RUNTIME = YES;
				ENABLE_PREVIEWS = YES;
				GENERATE_INFOPLIST_FILE = YES;
				INFOPLIST_KEY_NSPhotoLibraryUsageDescription = "Use images from the device's Photo Library for inventory";
				"INFOPLIST_KEY_UIApplicationSceneManifest_Generation[sdk=iphoneos*]" = YES;
				"INFOPLIST_KEY_UIApplicationSceneManifest_Generation[sdk=iphonesimulator*]" = YES;
				"INFOPLIST_KEY_UIApplicationSupportsIndirectInputEvents[sdk=iphoneos*]" = YES;
				"INFOPLIST_KEY_UIApplicationSupportsIndirectInputEvents[sdk=iphonesimulator*]" = YES;
				"INFOPLIST_KEY_UILaunchScreen_Generation[sdk=iphoneos*]" = YES;
				"INFOPLIST_KEY_UILaunchScreen_Generation[sdk=iphonesimulator*]" = YES;
				"INFOPLIST_KEY_UIStatusBarStyle[sdk=iphoneos*]" = UIStatusBarStyleDefault;
				"INFOPLIST_KEY_UIStatusBarStyle[sdk=iphonesimulator*]" = UIStatusBarStyleDefault;
				INFOPLIST_KEY_UISupportedInterfaceOrientations_iPad = "UIInterfaceOrientationPortrait UIInterfaceOrientationPortraitUpsideDown UIInterfaceOrientationLandscapeLeft UIInterfaceOrientationLandscapeRight";
				INFOPLIST_KEY_UISupportedInterfaceOrientations_iPhone = "UIInterfaceOrientationPortrait UIInterfaceOrientationLandscapeLeft UIInterfaceOrientationLandscapeRight";
				IPHONEOS_DEPLOYMENT_TARGET = 17.4;
				LD_RUNPATH_SEARCH_PATHS = "@executable_path/Frameworks";
				"LD_RUNPATH_SEARCH_PATHS[sdk=macosx*]" = "@executable_path/../Frameworks";
				MACOSX_DEPLOYMENT_TARGET = 14.4;
				MARKETING_VERSION = 1.0;
				PRODUCT_BUNDLE_IDENTIFIER = com.kevinmacaulay.InventoryManager;
				PRODUCT_NAME = "$(TARGET_NAME)";
				SDKROOT = auto;
				SUPPORTED_PLATFORMS = "iphoneos iphonesimulator macosx";
				SWIFT_EMIT_LOC_STRINGS = YES;
				SWIFT_VERSION = 5.0;
				TARGETED_DEVICE_FAMILY = "1,2";
			};
			name = Debug;
		};
		66B076E12BB0931400B7EDEE /* Release */ = {
			isa = XCBuildConfiguration;
			buildSettings = {
				ASSETCATALOG_COMPILER_APPICON_NAME = AppIcon;
				ASSETCATALOG_COMPILER_GLOBAL_ACCENT_COLOR_NAME = AccentColor;
				CODE_SIGN_ENTITLEMENTS = InventoryManager/InventoryManager.entitlements;
				CODE_SIGN_STYLE = Automatic;
				CURRENT_PROJECT_VERSION = 1;
				DEVELOPMENT_ASSET_PATHS = "\"InventoryManager/Preview Content\"";
				DEVELOPMENT_TEAM = 5V6SKWD4WV;
				ENABLE_HARDENED_RUNTIME = YES;
				ENABLE_PREVIEWS = YES;
				GENERATE_INFOPLIST_FILE = YES;
				INFOPLIST_KEY_NSPhotoLibraryUsageDescription = "Use images from the device's Photo Library for inventory";
				"INFOPLIST_KEY_UIApplicationSceneManifest_Generation[sdk=iphoneos*]" = YES;
				"INFOPLIST_KEY_UIApplicationSceneManifest_Generation[sdk=iphonesimulator*]" = YES;
				"INFOPLIST_KEY_UIApplicationSupportsIndirectInputEvents[sdk=iphoneos*]" = YES;
				"INFOPLIST_KEY_UIApplicationSupportsIndirectInputEvents[sdk=iphonesimulator*]" = YES;
				"INFOPLIST_KEY_UILaunchScreen_Generation[sdk=iphoneos*]" = YES;
				"INFOPLIST_KEY_UILaunchScreen_Generation[sdk=iphonesimulator*]" = YES;
				"INFOPLIST_KEY_UIStatusBarStyle[sdk=iphoneos*]" = UIStatusBarStyleDefault;
				"INFOPLIST_KEY_UIStatusBarStyle[sdk=iphonesimulator*]" = UIStatusBarStyleDefault;
				INFOPLIST_KEY_UISupportedInterfaceOrientations_iPad = "UIInterfaceOrientationPortrait UIInterfaceOrientationPortraitUpsideDown UIInterfaceOrientationLandscapeLeft UIInterfaceOrientationLandscapeRight";
				INFOPLIST_KEY_UISupportedInterfaceOrientations_iPhone = "UIInterfaceOrientationPortrait UIInterfaceOrientationLandscapeLeft UIInterfaceOrientationLandscapeRight";
				IPHONEOS_DEPLOYMENT_TARGET = 17.4;
				LD_RUNPATH_SEARCH_PATHS = "@executable_path/Frameworks";
				"LD_RUNPATH_SEARCH_PATHS[sdk=macosx*]" = "@executable_path/../Frameworks";
				MACOSX_DEPLOYMENT_TARGET = 14.4;
				MARKETING_VERSION = 1.0;
				PRODUCT_BUNDLE_IDENTIFIER = com.kevinmacaulay.InventoryManager;
				PRODUCT_NAME = "$(TARGET_NAME)";
				SDKROOT = auto;
				SUPPORTED_PLATFORMS = "iphoneos iphonesimulator macosx";
				SWIFT_EMIT_LOC_STRINGS = YES;
				SWIFT_VERSION = 5.0;
				TARGETED_DEVICE_FAMILY = "1,2";
			};
			name = Release;
		};
/* End XCBuildConfiguration section */

/* Begin XCConfigurationList section */
		66B076CB2BB0931300B7EDEE /* Build configuration list for PBXProject "InventoryManager" */ = {
			isa = XCConfigurationList;
			buildConfigurations = (
				66B076DD2BB0931400B7EDEE /* Debug */,
				66B076DE2BB0931400B7EDEE /* Release */,
			);
			defaultConfigurationIsVisible = 0;
			defaultConfigurationName = Release;
		};
		66B076DF2BB0931400B7EDEE /* Build configuration list for PBXNativeTarget "InventoryManager" */ = {
			isa = XCConfigurationList;
			buildConfigurations = (
				66B076E02BB0931400B7EDEE /* Debug */,
				66B076E12BB0931400B7EDEE /* Release */,
			);
			defaultConfigurationIsVisible = 0;
			defaultConfigurationName = Release;
		};
/* End XCConfigurationList section */
	};
	rootObject = 66B076C82BB0931300B7EDEE /* Project object */;
}
